
Microsoft Visual Studio Solution File, Format Version 12.00
# Visual Studio 14
VisualStudioVersion = 14.0.25420.1
MinimumVisualStudioVersion = 10.0.40219.1
Project("{8BC9CEB8-8B4A-11D0-8D11-00A0C91BC942}") = "BasicUsageEnvironment", "BasicUsageEnvironment\BasicUsageEnvironment.vcxproj", "{1BCD3D4A-C6CB-49C2-98B1-30F8B0432679}"
EndProject
Project("{8BC9CEB8-8B4A-11D0-8D11-00A0C91BC942}") = "groupsock", "groupsock\groupsock.vcxproj", "{254F4D2E-C5B0-420D-ACD1-86F135CD9A9B}"
EndProject
Project("{8BC9CEB8-8B4A-11D0-8D11-00A0C91BC942}") = "liveMedia", "liveMedia\liveMedia.vcxproj", "{9A9899B6-AA2F-49B7-A463-138C0BB9DC49}"
EndProject
Project("{8BC9CEB8-8B4A-11D0-8D11-00A0C91BC942}") = "UsageEnvironment", "UsageEnvironment\UsageEnvironment.vcxproj", "{AEDF1207-EB1B-4410-A604-766A5E102B43}"
EndProject
Project("{8BC9CEB8-8B4A-11D0-8D11-00A0C91BC942}") = "mediaServer", "mediaServer\mediaServer.vcxproj", "{994B9E59-2240-4CDC-AAD1-4A278A37B4D2}"
	ProjectSection(ProjectDependencies) = postProject
		{AEDF1207-EB1B-4410-A604-766A5E102B43} = {AEDF1207-EB1B-4410-A604-766A5E102B43}
		{254F4D2E-C5B0-420D-ACD1-86F135CD9A9B} = {254F4D2E-C5B0-420D-ACD1-86F135CD9A9B}
		{1BCD3D4A-C6CB-49C2-98B1-30F8B0432679} = {1BCD3D4A-C6CB-49C2-98B1-30F8B0432679}
		{9A9899B6-AA2F-49B7-A463-138C0BB9DC49} = {9A9899B6-AA2F-49B7-A463-138C0BB9DC49}
	EndProjectSection
EndProject
Project("{8BC9CEB8-8B4A-11D0-8D11-00A0C91BC942}") = "proxyServer", "proxyServer\proxyServer.vcxproj", "{3497E09C-E2B5-4E02-B4A8-0C54A74A90E3}"
	ProjectSection(ProjectDependencies) = postProject
		{AEDF1207-EB1B-4410-A604-766A5E102B43} = {AEDF1207-EB1B-4410-A604-766A5E102B43}
		{254F4D2E-C5B0-420D-ACD1-86F135CD9A9B} = {254F4D2E-C5B0-420D-ACD1-86F135CD9A9B}
		{1BCD3D4A-C6CB-49C2-98B1-30F8B0432679} = {1BCD3D4A-C6CB-49C2-98B1-30F8B0432679}
		{9A9899B6-AA2F-49B7-A463-138C0BB9DC49} = {9A9899B6-AA2F-49B7-A463-138C0BB9DC49}
	EndProjectSection
EndProject
Global
	GlobalSection(SolutionConfigurationPlatforms) = preSolution
		Debug|x64 = Debug|x64
		Debug|x86 = Debug|x86
		Release|x64 = Release|x64
		Release|x86 = Release|x86
	EndGlobalSection
	GlobalSection(ProjectConfigurationPlatforms) = postSolution
		{1BCD3D4A-C6CB-49C2-98B1-30F8B0432679}.Debug|x64.ActiveCfg = Debug|x64
		{1BCD3D4A-C6CB-49C2-98B1-30F8B0432679}.Debug|x64.Build.0 = Debug|x64
		{1BCD3D4A-C6CB-49C2-98B1-30F8B0432679}.Debug|x86.ActiveCfg = Debug|Win32
		{1BCD3D4A-C6CB-49C2-98B1-30F8B0432679}.Debug|x86.Build.0 = Debug|Win32
		{1BCD3D4A-C6CB-49C2-98B1-30F8B0432679}.Release|x64.ActiveCfg = Release|x64
		{1BCD3D4A-C6CB-49C2-98B1-30F8B0432679}.Release|x64.Build.0 = Release|x64
		{1BCD3D4A-C6CB-49C2-98B1-30F8B0432679}.Release|x86.ActiveCfg = Release|Win32
		{1BCD3D4A-C6CB-49C2-98B1-30F8B0432679}.Release|x86.Build.0 = Release|Win32
		{254F4D2E-C5B0-420D-ACD1-86F135CD9A9B}.Debug|x64.ActiveCfg = Debug|x64
		{254F4D2E-C5B0-420D-ACD1-86F135CD9A9B}.Debug|x64.Build.0 = Debug|x64
		{254F4D2E-C5B0-420D-ACD1-86F135CD9A9B}.Debug|x86.ActiveCfg = Debug|Win32
		{254F4D2E-C5B0-420D-ACD1-86F135CD9A9B}.Debug|x86.Build.0 = Debug|Win32
		{254F4D2E-C5B0-420D-ACD1-86F135CD9A9B}.Release|x64.ActiveCfg = Release|x64
		{254F4D2E-C5B0-420D-ACD1-86F135CD9A9B}.Release|x64.Build.0 = Release|x64
		{254F4D2E-C5B0-420D-ACD1-86F135CD9A9B}.Release|x86.ActiveCfg = Release|Win32
		{254F4D2E-C5B0-420D-ACD1-86F135CD9A9B}.Release|x86.Build.0 = Release|Win32
		{9A9899B6-AA2F-49B7-A463-138C0BB9DC49}.Debug|x64.ActiveCfg = Debug|x64
		{9A9899B6-AA2F-49B7-A463-138C0BB9DC49}.Debug|x64.Build.0 = Debug|x64
		{9A9899B6-AA2F-49B7-A463-138C0BB9DC49}.Debug|x86.ActiveCfg = Debug|Win32
		{9A9899B6-AA2F-49B7-A463-138C0BB9DC49}.Debug|x86.Build.0 = Debug|Win32
		{9A9899B6-AA2F-49B7-A463-138C0BB9DC49}.Release|x64.ActiveCfg = Release|x64
		{9A9899B6-AA2F-49B7-A463-138C0BB9DC49}.Release|x64.Build.0 = Release|x64
		{9A9899B6-AA2F-49B7-A463-138C0BB9DC49}.Release|x86.ActiveCfg = Release|Win32
		{9A9899B6-AA2F-49B7-A463-138C0BB9DC49}.Release|x86.Build.0 = Release|Win32
		{AEDF1207-EB1B-4410-A604-766A5E102B43}.Debug|x64.ActiveCfg = Debug|x64
		{AEDF1207-EB1B-4410-A604-766A5E102B43}.Debug|x64.Build.0 = Debug|x64
		{AEDF1207-EB1B-4410-A604-766A5E102B43}.Debug|x86.ActiveCfg = Debug|Win32
		{AEDF1207-EB1B-4410-A604-766A5E102B43}.Debug|x86.Build.0 = Debug|Win32
		{AEDF1207-EB1B-4410-A604-766A5E102B43}.Release|x64.ActiveCfg = Release|x64
		{AEDF1207-EB1B-4410-A604-766A5E102B43}.Release|x64.Build.0 = Release|x64
		{AEDF1207-EB1B-4410-A604-766A5E102B43}.Release|x86.ActiveCfg = Release|Win32
		{AEDF1207-EB1B-4410-A604-766A5E102B43}.Release|x86.Build.0 = Release|Win32
		{994B9E59-2240-4CDC-AAD1-4A278A37B4D2}.Debug|x64.ActiveCfg = Debug|x64
		{994B9E59-2240-4CDC-AAD1-4A278A37B4D2}.Debug|x64.Build.0 = Debug|x64
		{994B9E59-2240-4CDC-AAD1-4A278A37B4D2}.Debug|x86.ActiveCfg = Debug|Win32
		{994B9E59-2240-4CDC-AAD1-4A278A37B4D2}.Debug|x86.Build.0 = Debug|Win32
		{994B9E59-2240-4CDC-AAD1-4A278A37B4D2}.Release|x64.ActiveCfg = Release|x64
		{994B9E59-2240-4CDC-AAD1-4A278A37B4D2}.Release|x64.Build.0 = Release|x64
		{994B9E59-2240-4CDC-AAD1-4A278A37B4D2}.Release|x86.ActiveCfg = Release|Win32
		{994B9E59-2240-4CDC-AAD1-4A278A37B4D2}.Release|x86.Build.0 = Release|Win32
		{3497E09C-E2B5-4E02-B4A8-0C54A74A90E3}.Debug|x64.ActiveCfg = Debug|x64
		{3497E09C-E2B5-4E02-B4A8-0C54A74A90E3}.Debug|x64.Build.0 = Debug|x64
		{3497E09C-E2B5-4E02-B4A8-0C54A74A90E3}.Debug|x86.ActiveCfg = Debug|Win32
		{3497E09C-E2B5-4E02-B4A8-0C54A74A90E3}.Debug|x86.Build.0 = Debug|Win32
		{3497E09C-E2B5-4E02-B4A8-0C54A74A90E3}.Release|x64.ActiveCfg = Release|x64
		{3497E09C-E2B5-4E02-B4A8-0C54A74A90E3}.Release|x64.Build.0 = Release|x64
		{3497E09C-E2B5-4E02-B4A8-0C54A74A90E3}.Release|x86.ActiveCfg = Release|Win32
		{3497E09C-E2B5-4E02-B4A8-0C54A74A90E3}.Release|x86.Build.0 = Release|Win32
	EndGlobalSection
	GlobalSection(SolutionProperties) = preSolution
		HideSolutionNode = FALSE
	EndGlobalSection
EndGlobal
